
Microsoft Visual Studio Solution File, Format Version 12.00
# Visual Studio 15
VisualStudioVersion = 15.0.28307.489
MinimumVisualStudioVersion = 10.0.40219.1
Project("{FAE04EC0-301F-11D3-BF4B-00C04F79EFBC}") = "MOG.Entities", "MOG.Entities\MOG.Entities.csproj", "{E81F9DFE-3953-4B65-B14E-E0D09E91447C}"
EndProject
Project("{FAE04EC0-301F-11D3-BF4B-00C04F79EFBC}") = "MOG.Utilities", "MOG.Utilities\MOG.Utilities.csproj", "{BE0906F8-6A20-48EA-8CD7-AEC831B6611A}"
EndProject
Project("{2150E333-8FDC-42A3-9474-1A3956D46DE8}") = "TestProject", "TestProject", "{C721D3E9-DE90-4D82-9719-817EEDCADC50}"
EndProject
Project("{9A19103F-16F7-4668-BE54-9A1E7A4F7556}") = "MOG.Uttil.Test", "MOG.Uttil.Test\MOG.Uttil.Test.csproj", "{73A25E3D-CC03-489E-A242-828BAB094A36}"
EndProject
Global
	GlobalSection(SolutionConfigurationPlatforms) = preSolution
		Debug|Any CPU = Debug|Any CPU
		Release|Any CPU = Release|Any CPU
	EndGlobalSection
	GlobalSection(ProjectConfigurationPlatforms) = postSolution
		{E81F9DFE-3953-4B65-B14E-E0D09E91447C}.Debug|Any CPU.ActiveCfg = Debug|Any CPU
		{E81F9DFE-3953-4B65-B14E-E0D09E91447C}.Debug|Any CPU.Build.0 = Debug|Any CPU
		{E81F9DFE-3953-4B65-B14E-E0D09E91447C}.Release|Any CPU.ActiveCfg = Release|Any CPU
		{E81F9DFE-3953-4B65-B14E-E0D09E91447C}.Release|Any CPU.Build.0 = Release|Any CPU
		{BE0906F8-6A20-48EA-8CD7-AEC831B6611A}.Debug|Any CPU.ActiveCfg = Debug|Any CPU
		{BE0906F8-6A20-48EA-8CD7-AEC831B6611A}.Debug|Any CPU.Build.0 = Debug|Any CPU
		{BE0906F8-6A20-48EA-8CD7-AEC831B6611A}.Release|Any CPU.ActiveCfg = Release|Any CPU
		{BE0906F8-6A20-48EA-8CD7-AEC831B6611A}.Release|Any CPU.Build.0 = Release|Any CPU
		{73A25E3D-CC03-489E-A242-828BAB094A36}.Debug|Any CPU.ActiveCfg = Debug|Any CPU
		{73A25E3D-CC03-489E-A242-828BAB094A36}.Debug|Any CPU.Build.0 = Debug|Any CPU
		{73A25E3D-CC03-489E-A242-828BAB094A36}.Release|Any CPU.ActiveCfg = Release|Any CPU
		{73A25E3D-CC03-489E-A242-828BAB094A36}.Release|Any CPU.Build.0 = Release|Any CPU
	EndGlobalSection
	GlobalSection(SolutionProperties) = preSolution
		HideSolutionNode = FALSE
	EndGlobalSection
	GlobalSection(NestedProjects) = preSolution
		{73A25E3D-CC03-489E-A242-828BAB094A36} = {C721D3E9-DE90-4D82-9719-817EEDCADC50}
	EndGlobalSection
	GlobalSection(ExtensibilityGlobals) = postSolution
		SolutionGuid = {75E2AE14-E270-4943-B7F0-269EC5C3FCC7}
	EndGlobalSection
EndGlobal
